// !$*UTF8*$!
{
	archiveVersion = 1;
	classes = {
	};
	objectVersion = 56;
	objects = {

/* Begin PBXBuildFile section */
		6E0065F62AFB99F900803BD7 /* ErrorLoadView.swift in Sources */ = {isa = PBXBuildFile; fileRef = 6E0065F52AFB99F900803BD7 /* ErrorLoadView.swift */; };
		6E0257ED2ACC2AA7000EA6D9 /* AppDelegate.swift in Sources */ = {isa = PBXBuildFile; fileRef = 6E0257EC2ACC2AA7000EA6D9 /* AppDelegate.swift */; };
		6E0257EF2ACC2AA7000EA6D9 /* SceneDelegate.swift in Sources */ = {isa = PBXBuildFile; fileRef = 6E0257EE2ACC2AA7000EA6D9 /* SceneDelegate.swift */; };
		6E0257F12ACC2AA7000EA6D9 /* ContactListViewController.swift in Sources */ = {isa = PBXBuildFile; fileRef = 6E0257F02ACC2AA7000EA6D9 /* ContactListViewController.swift */; };
		6E0257F62ACC2AA8000EA6D9 /* Assets.xcassets in Resources */ = {isa = PBXBuildFile; fileRef = 6E0257F52ACC2AA8000EA6D9 /* Assets.xcassets */; };
		6E0257F92ACC2AA8000EA6D9 /* LaunchScreen.storyboard in Resources */ = {isa = PBXBuildFile; fileRef = 6E0257F72ACC2AA8000EA6D9 /* LaunchScreen.storyboard */; };
		6E239E5E2B39BBE900C62230 /* Localizable.stringsdict in Resources */ = {isa = PBXBuildFile; fileRef = 6E239E5D2B39BBE900C62230 /* Localizable.stringsdict */; };
		6E29DDFC2B30975E00CEF06F /* UserProfileViewController.swift in Sources */ = {isa = PBXBuildFile; fileRef = 6E29DDFB2B30975E00CEF06F /* UserProfileViewController.swift */; };
		6E29DDFE2B30979700CEF06F /* UserProfileView.swift in Sources */ = {isa = PBXBuildFile; fileRef = 6E29DDFD2B30979700CEF06F /* UserProfileView.swift */; };
		6E29DE002B30A1C900CEF06F /* UserDateOfBirthView.swift in Sources */ = {isa = PBXBuildFile; fileRef = 6E29DDFF2B30A1C900CEF06F /* UserDateOfBirthView.swift */; };
		6E29DE022B30A20E00CEF06F /* UserPhoneNumberView.swift in Sources */ = {isa = PBXBuildFile; fileRef = 6E29DE012B30A20D00CEF06F /* UserPhoneNumberView.swift */; };
		6E3AFBFE2AD4037E004A5CAA /* DepartmentCell.swift in Sources */ = {isa = PBXBuildFile; fileRef = 6E3AFBFD2AD4037E004A5CAA /* DepartmentCell.swift */; };
		6E5373412AF4DF73007ECCB6 /* Errors.swift in Sources */ = {isa = PBXBuildFile; fileRef = 6E5373402AF4DF73007ECCB6 /* Errors.swift */; };
		6E590B3C2ADD71D100010257 /* VerticalContactTableView.swift in Sources */ = {isa = PBXBuildFile; fileRef = 6E590B3B2ADD71D100010257 /* VerticalContactTableView.swift */; };
		6E590B3F2ADD772D00010257 /* ContactCell.swift in Sources */ = {isa = PBXBuildFile; fileRef = 6E590B3E2ADD772D00010257 /* ContactCell.swift */; };
		6E5EA31C2B2AF59F005AEC8F /* CustomHeaderView.swift in Sources */ = {isa = PBXBuildFile; fileRef = 6E5EA31B2B2AF59F005AEC8F /* CustomHeaderView.swift */; };
		6E6DB4152B18CB2300511EF5 /* ErrorSearchView.swift in Sources */ = {isa = PBXBuildFile; fileRef = 6E6DB4142B18CB2300511EF5 /* ErrorSearchView.swift */; };
		6E94F3BF2B262B4A00353D8B /* RadioButtonView.swift in Sources */ = {isa = PBXBuildFile; fileRef = 6E94F3BE2B262B4A00353D8B /* RadioButtonView.swift */; };
		6E98D7B42AD6DAD500F36017 /* HorizontalMenuCollectionView.swift in Sources */ = {isa = PBXBuildFile; fileRef = 6E98D7B32AD6DAD500F36017 /* HorizontalMenuCollectionView.swift */; };
		6E98D7B82AD6EBE300F36017 /* CustomSearchBar.swift in Sources */ = {isa = PBXBuildFile; fileRef = 6E98D7B72AD6EBE300F36017 /* CustomSearchBar.swift */; };
		6E9CBBEB2ACD716700B2629D /* ContactData.swift in Sources */ = {isa = PBXBuildFile; fileRef = 6E9CBBEA2ACD716700B2629D /* ContactData.swift */; };
		6ED2F12A2AE8121B00C275C4 /* APIManager.swift in Sources */ = {isa = PBXBuildFile; fileRef = 6ED2F1292AE8121B00C275C4 /* APIManager.swift */; };
		6ED2F12E2AEA5FE300C275C4 /* SortingViewController.swift in Sources */ = {isa = PBXBuildFile; fileRef = 6ED2F12D2AEA5FE300C275C4 /* SortingViewController.swift */; };
		6EF901AA2B358E4600149356 /* ImageLoader.swift in Sources */ = {isa = PBXBuildFile; fileRef = 6EF901A92B358E4600149356 /* ImageLoader.swift */; };
		6EF901AD2B35D2FD00149356 /* DateFormat.swift in Sources */ = {isa = PBXBuildFile; fileRef = 6EF901AC2B35D2FD00149356 /* DateFormat.swift */; };
		FF8DB56B61A634C790FE6B9A /* Pods_ContactList.framework in Frameworks */ = {isa = PBXBuildFile; fileRef = 83A40711035507E60F03613E /* Pods_ContactList.framework */; };
/* End PBXBuildFile section */

/* Begin PBXFileReference section */
		157DA686439774663A24B0BA /* Pods-ContactList.release.xcconfig */ = {isa = PBXFileReference; includeInIndex = 1; lastKnownFileType = text.xcconfig; name = "Pods-ContactList.release.xcconfig"; path = "Target Support Files/Pods-ContactList/Pods-ContactList.release.xcconfig"; sourceTree = "<group>"; };
		6E0065F52AFB99F900803BD7 /* ErrorLoadView.swift */ = {isa = PBXFileReference; lastKnownFileType = sourcecode.swift; path = ErrorLoadView.swift; sourceTree = "<group>"; };
		6E0257E92ACC2AA7000EA6D9 /* ContactList.app */ = {isa = PBXFileReference; explicitFileType = wrapper.application; includeInIndex = 0; path = ContactList.app; sourceTree = BUILT_PRODUCTS_DIR; };
		6E0257EC2ACC2AA7000EA6D9 /* AppDelegate.swift */ = {isa = PBXFileReference; lastKnownFileType = sourcecode.swift; path = AppDelegate.swift; sourceTree = "<group>"; };
		6E0257EE2ACC2AA7000EA6D9 /* SceneDelegate.swift */ = {isa = PBXFileReference; lastKnownFileType = sourcecode.swift; path = SceneDelegate.swift; sourceTree = "<group>"; };
		6E0257F02ACC2AA7000EA6D9 /* ContactListViewController.swift */ = {isa = PBXFileReference; lastKnownFileType = sourcecode.swift; path = ContactListViewController.swift; sourceTree = "<group>"; };
		6E0257F52ACC2AA8000EA6D9 /* Assets.xcassets */ = {isa = PBXFileReference; lastKnownFileType = folder.assetcatalog; path = Assets.xcassets; sourceTree = "<group>"; };
		6E0257F82ACC2AA8000EA6D9 /* Base */ = {isa = PBXFileReference; lastKnownFileType = file.storyboard; name = Base; path = Base.lproj/LaunchScreen.storyboard; sourceTree = "<group>"; };
		6E0257FA2ACC2AA8000EA6D9 /* Info.plist */ = {isa = PBXFileReference; lastKnownFileType = text.plist.xml; path = Info.plist; sourceTree = "<group>"; };
		6E239E5D2B39BBE900C62230 /* Localizable.stringsdict */ = {isa = PBXFileReference; lastKnownFileType = text.plist.stringsdict; path = Localizable.stringsdict; sourceTree = "<group>"; };
		6E29DDFB2B30975E00CEF06F /* UserProfileViewController.swift */ = {isa = PBXFileReference; lastKnownFileType = sourcecode.swift; path = UserProfileViewController.swift; sourceTree = "<group>"; };
		6E29DDFD2B30979700CEF06F /* UserProfileView.swift */ = {isa = PBXFileReference; lastKnownFileType = sourcecode.swift; path = UserProfileView.swift; sourceTree = "<group>"; };
		6E29DDFF2B30A1C900CEF06F /* UserDateOfBirthView.swift */ = {isa = PBXFileReference; lastKnownFileType = sourcecode.swift; path = UserDateOfBirthView.swift; sourceTree = "<group>"; };
		6E29DE012B30A20D00CEF06F /* UserPhoneNumberView.swift */ = {isa = PBXFileReference; lastKnownFileType = sourcecode.swift; path = UserPhoneNumberView.swift; sourceTree = "<group>"; };
		6E3AFBFD2AD4037E004A5CAA /* DepartmentCell.swift */ = {isa = PBXFileReference; lastKnownFileType = sourcecode.swift; path = DepartmentCell.swift; sourceTree = "<group>"; };
		6E5373402AF4DF73007ECCB6 /* Errors.swift */ = {isa = PBXFileReference; lastKnownFileType = sourcecode.swift; path = Errors.swift; sourceTree = "<group>"; };
		6E590B3B2ADD71D100010257 /* VerticalContactTableView.swift */ = {isa = PBXFileReference; lastKnownFileType = sourcecode.swift; path = VerticalContactTableView.swift; sourceTree = "<group>"; };
		6E590B3E2ADD772D00010257 /* ContactCell.swift */ = {isa = PBXFileReference; lastKnownFileType = sourcecode.swift; path = ContactCell.swift; sourceTree = "<group>"; };
		6E5EA31B2B2AF59F005AEC8F /* CustomHeaderView.swift */ = {isa = PBXFileReference; lastKnownFileType = sourcecode.swift; path = CustomHeaderView.swift; sourceTree = "<group>"; };
		6E6DB4142B18CB2300511EF5 /* ErrorSearchView.swift */ = {isa = PBXFileReference; lastKnownFileType = sourcecode.swift; path = ErrorSearchView.swift; sourceTree = "<group>"; };
		6E94F3BE2B262B4A00353D8B /* RadioButtonView.swift */ = {isa = PBXFileReference; lastKnownFileType = sourcecode.swift; path = RadioButtonView.swift; sourceTree = "<group>"; };
		6E98D7B32AD6DAD500F36017 /* HorizontalMenuCollectionView.swift */ = {isa = PBXFileReference; lastKnownFileType = sourcecode.swift; path = HorizontalMenuCollectionView.swift; sourceTree = "<group>"; };
		6E98D7B72AD6EBE300F36017 /* CustomSearchBar.swift */ = {isa = PBXFileReference; lastKnownFileType = sourcecode.swift; path = CustomSearchBar.swift; sourceTree = "<group>"; };
		6E9CBBEA2ACD716700B2629D /* ContactData.swift */ = {isa = PBXFileReference; lastKnownFileType = sourcecode.swift; path = ContactData.swift; sourceTree = "<group>"; };
		6ED2F1292AE8121B00C275C4 /* APIManager.swift */ = {isa = PBXFileReference; lastKnownFileType = sourcecode.swift; path = APIManager.swift; sourceTree = "<group>"; };
		6ED2F12D2AEA5FE300C275C4 /* SortingViewController.swift */ = {isa = PBXFileReference; lastKnownFileType = sourcecode.swift; path = SortingViewController.swift; sourceTree = "<group>"; };
		6EF901A92B358E4600149356 /* ImageLoader.swift */ = {isa = PBXFileReference; lastKnownFileType = sourcecode.swift; path = ImageLoader.swift; sourceTree = "<group>"; };
		6EF901AC2B35D2FD00149356 /* DateFormat.swift */ = {isa = PBXFileReference; lastKnownFileType = sourcecode.swift; path = DateFormat.swift; sourceTree = "<group>"; };
		83A40711035507E60F03613E /* Pods_ContactList.framework */ = {isa = PBXFileReference; explicitFileType = wrapper.framework; includeInIndex = 0; path = Pods_ContactList.framework; sourceTree = BUILT_PRODUCTS_DIR; };
		E242DD9F77C093638CF3BCDF /* Pods-ContactList.debug.xcconfig */ = {isa = PBXFileReference; includeInIndex = 1; lastKnownFileType = text.xcconfig; name = "Pods-ContactList.debug.xcconfig"; path = "Target Support Files/Pods-ContactList/Pods-ContactList.debug.xcconfig"; sourceTree = "<group>"; };
/* End PBXFileReference section */

/* Begin PBXFrameworksBuildPhase section */
		6E0257E62ACC2AA7000EA6D9 /* Frameworks */ = {
			isa = PBXFrameworksBuildPhase;
			buildActionMask = 2147483647;
			files = (
				FF8DB56B61A634C790FE6B9A /* Pods_ContactList.framework in Frameworks */,
			);
			runOnlyForDeploymentPostprocessing = 0;
		};
/* End PBXFrameworksBuildPhase section */

/* Begin PBXGroup section */
		6E0257E02ACC2AA7000EA6D9 = {
			isa = PBXGroup;
			children = (
				6E0257EB2ACC2AA7000EA6D9 /* ContactList */,
				6E0257EA2ACC2AA7000EA6D9 /* Products */,
				976BCA9A65DB7A677B2D799C /* Pods */,
				E271087BC8CEC556147CB5CD /* Frameworks */,
			);
			sourceTree = "<group>";
		};
		6E0257EA2ACC2AA7000EA6D9 /* Products */ = {
			isa = PBXGroup;
			children = (
				6E0257E92ACC2AA7000EA6D9 /* ContactList.app */,
			);
			name = Products;
			sourceTree = "<group>";
		};
		6E0257EB2ACC2AA7000EA6D9 /* ContactList */ = {
			isa = PBXGroup;
			children = (
				6E0257EC2ACC2AA7000EA6D9 /* AppDelegate.swift */,
				6E0257EE2ACC2AA7000EA6D9 /* SceneDelegate.swift */,
				6E9CBBE62ACD6BDC00B2629D /* ListOfContacts */,
				6ED2F12F2AEA608900C275C4 /* SortingContacts */,
				6E29DDF62B3095FB00CEF06F /* DetailsScreen */,
				6E0257F52ACC2AA8000EA6D9 /* Assets.xcassets */,
				6E239E5D2B39BBE900C62230 /* Localizable.stringsdict */,
				6E0257F72ACC2AA8000EA6D9 /* LaunchScreen.storyboard */,
				6E0257FA2ACC2AA8000EA6D9 /* Info.plist */,
			);
			path = ContactList;
			sourceTree = "<group>";
		};
		6E29DDF62B3095FB00CEF06F /* DetailsScreen */ = {
			isa = PBXGroup;
			children = (
				6E29DDF92B30969000CEF06F /* Views */,
				6E29DDF82B30968400CEF06F /* Controller */,
			);
			path = DetailsScreen;
			sourceTree = "<group>";
		};
		6E29DDF82B30968400CEF06F /* Controller */ = {
			isa = PBXGroup;
			children = (
				6E29DDFB2B30975E00CEF06F /* UserProfileViewController.swift */,
			);
			path = Controller;
			sourceTree = "<group>";
		};
		6E29DDF92B30969000CEF06F /* Views */ = {
			isa = PBXGroup;
			children = (
				6E29DDFD2B30979700CEF06F /* UserProfileView.swift */,
				6E29DDFF2B30A1C900CEF06F /* UserDateOfBirthView.swift */,
				6E29DE012B30A20D00CEF06F /* UserPhoneNumberView.swift */,
			);
			path = Views;
			sourceTree = "<group>";
		};
		6E94F3BD2B262AEF00353D8B /* Views */ = {
			isa = PBXGroup;
			children = (
				6E94F3BE2B262B4A00353D8B /* RadioButtonView.swift */,
			);
			path = Views;
			sourceTree = "<group>";
		};
		6E98D7B02AD69FDF00F36017 /* Cells */ = {
			isa = PBXGroup;
			children = (
				6E3AFBFD2AD4037E004A5CAA /* DepartmentCell.swift */,
				6E590B3E2ADD772D00010257 /* ContactCell.swift */,
			);
			path = Cells;
			sourceTree = "<group>";
		};
		6E9CBBE62ACD6BDC00B2629D /* ListOfContacts */ = {
			isa = PBXGroup;
			children = (
				6ED2F1372AEB066C00C275C4 /* Services */,
				6E9CBBE82ACD713400B2629D /* Models */,
				6E9CBBE92ACD713F00B2629D /* Views */,
				6E9CBBE72ACD712800B2629D /* Controller */,
			);
			path = ListOfContacts;
			sourceTree = "<group>";
		};
		6E9CBBE72ACD712800B2629D /* Controller */ = {
			isa = PBXGroup;
			children = (
				6E0257F02ACC2AA7000EA6D9 /* ContactListViewController.swift */,
			);
			path = Controller;
			sourceTree = "<group>";
		};
		6E9CBBE82ACD713400B2629D /* Models */ = {
			isa = PBXGroup;
			children = (
				6E9CBBEA2ACD716700B2629D /* ContactData.swift */,
			);
			path = Models;
			sourceTree = "<group>";
		};
		6E9CBBE92ACD713F00B2629D /* Views */ = {
			isa = PBXGroup;
			children = (
				6E5EA31B2B2AF59F005AEC8F /* CustomHeaderView.swift */,
				6E0065F52AFB99F900803BD7 /* ErrorLoadView.swift */,
				6E6DB4142B18CB2300511EF5 /* ErrorSearchView.swift */,
				6E5373402AF4DF73007ECCB6 /* Errors.swift */,
				6E98D7B32AD6DAD500F36017 /* HorizontalMenuCollectionView.swift */,
				6E590B3B2ADD71D100010257 /* VerticalContactTableView.swift */,
				6E98D7B72AD6EBE300F36017 /* CustomSearchBar.swift */,
				6E98D7B02AD69FDF00F36017 /* Cells */,
			);
			path = Views;
			sourceTree = "<group>";
		};
		6ED2F12F2AEA608900C275C4 /* SortingContacts */ = {
			isa = PBXGroup;
			children = (
				6E94F3BD2B262AEF00353D8B /* Views */,
				6ED2F1302AEA60AE00C275C4 /* Controller */,
			);
			path = SortingContacts;
			sourceTree = "<group>";
		};
		6ED2F1302AEA60AE00C275C4 /* Controller */ = {
			isa = PBXGroup;
			children = (
				6ED2F12D2AEA5FE300C275C4 /* SortingViewController.swift */,
			);
			path = Controller;
			sourceTree = "<group>";
		};
		6ED2F1372AEB066C00C275C4 /* Services */ = {
			isa = PBXGroup;
			children = (
				6ED2F1292AE8121B00C275C4 /* APIManager.swift */,
				6EF901A92B358E4600149356 /* ImageLoader.swift */,
				6EF901AC2B35D2FD00149356 /* DateFormat.swift */,
			);
			path = Services;
			sourceTree = "<group>";
		};
		976BCA9A65DB7A677B2D799C /* Pods */ = {
			isa = PBXGroup;
			children = (
				E242DD9F77C093638CF3BCDF /* Pods-ContactList.debug.xcconfig */,
				157DA686439774663A24B0BA /* Pods-ContactList.release.xcconfig */,
			);
			path = Pods;
			sourceTree = "<group>";
		};
		E271087BC8CEC556147CB5CD /* Frameworks */ = {
			isa = PBXGroup;
			children = (
				83A40711035507E60F03613E /* Pods_ContactList.framework */,
			);
			name = Frameworks;
			sourceTree = "<group>";
		};
/* End PBXGroup section */

/* Begin PBXNativeTarget section */
		6E0257E82ACC2AA7000EA6D9 /* ContactList */ = {
			isa = PBXNativeTarget;
			buildConfigurationList = 6E0257FD2ACC2AA8000EA6D9 /* Build configuration list for PBXNativeTarget "ContactList" */;
			buildPhases = (
				F403C5A72B7F638775A71FEB /* [CP] Check Pods Manifest.lock */,
				6E0257E52ACC2AA7000EA6D9 /* Sources */,
				6E0257E62ACC2AA7000EA6D9 /* Frameworks */,
				6E0257E72ACC2AA7000EA6D9 /* Resources */,
				3744D9C6C6579E92CB8125FD /* [CP] Embed Pods Frameworks */,
			);
			buildRules = (
			);
			dependencies = (
			);
			name = ContactList;
			productName = ContactList;
			productReference = 6E0257E92ACC2AA7000EA6D9 /* ContactList.app */;
			productType = "com.apple.product-type.application";
		};
/* End PBXNativeTarget section */

/* Begin PBXProject section */
		6E0257E12ACC2AA7000EA6D9 /* Project object */ = {
			isa = PBXProject;
			attributes = {
				BuildIndependentTargetsInParallel = 1;
				LastSwiftUpdateCheck = 1430;
				LastUpgradeCheck = 1430;
				TargetAttributes = {
					6E0257E82ACC2AA7000EA6D9 = {
						CreatedOnToolsVersion = 14.3.1;
					};
				};
			};
			buildConfigurationList = 6E0257E42ACC2AA7000EA6D9 /* Build configuration list for PBXProject "ContactList" */;
			compatibilityVersion = "Xcode 14.0";
			developmentRegion = en;
			hasScannedForEncodings = 0;
			knownRegions = (
				en,
				Base,
			);
			mainGroup = 6E0257E02ACC2AA7000EA6D9;
			productRefGroup = 6E0257EA2ACC2AA7000EA6D9 /* Products */;
			projectDirPath = "";
			projectRoot = "";
			targets = (
				6E0257E82ACC2AA7000EA6D9 /* ContactList */,
			);
		};
/* End PBXProject section */

/* Begin PBXResourcesBuildPhase section */
		6E0257E72ACC2AA7000EA6D9 /* Resources */ = {
			isa = PBXResourcesBuildPhase;
			buildActionMask = 2147483647;
			files = (
				6E0257F92ACC2AA8000EA6D9 /* LaunchScreen.storyboard in Resources */,
				6E0257F62ACC2AA8000EA6D9 /* Assets.xcassets in Resources */,
				6E239E5E2B39BBE900C62230 /* Localizable.stringsdict in Resources */,
			);
			runOnlyForDeploymentPostprocessing = 0;
		};
/* End PBXResourcesBuildPhase section */

/* Begin PBXShellScriptBuildPhase section */
		3744D9C6C6579E92CB8125FD /* [CP] Embed Pods Frameworks */ = {
			isa = PBXShellScriptBuildPhase;
			buildActionMask = 2147483647;
			files = (
			);
			inputFileListPaths = (
				"${PODS_ROOT}/Target Support Files/Pods-ContactList/Pods-ContactList-frameworks-${CONFIGURATION}-input-files.xcfilelist",
			);
			name = "[CP] Embed Pods Frameworks";
			outputFileListPaths = (
				"${PODS_ROOT}/Target Support Files/Pods-ContactList/Pods-ContactList-frameworks-${CONFIGURATION}-output-files.xcfilelist",
			);
			runOnlyForDeploymentPostprocessing = 0;
			shellPath = /bin/sh;
			shellScript = "\"${PODS_ROOT}/Target Support Files/Pods-ContactList/Pods-ContactList-frameworks.sh\"\n";
			showEnvVarsInLog = 0;
		};
		F403C5A72B7F638775A71FEB /* [CP] Check Pods Manifest.lock */ = {
			isa = PBXShellScriptBuildPhase;
			buildActionMask = 2147483647;
			files = (
			);
			inputFileListPaths = (
			);
			inputPaths = (
				"${PODS_PODFILE_DIR_PATH}/Podfile.lock",
				"${PODS_ROOT}/Manifest.lock",
			);
			name = "[CP] Check Pods Manifest.lock";
			outputFileListPaths = (
			);
			outputPaths = (
				"$(DERIVED_FILE_DIR)/Pods-ContactList-checkManifestLockResult.txt",
			);
			runOnlyForDeploymentPostprocessing = 0;
			shellPath = /bin/sh;
			shellScript = "diff \"${PODS_PODFILE_DIR_PATH}/Podfile.lock\" \"${PODS_ROOT}/Manifest.lock\" > /dev/null\nif [ $? != 0 ] ; then\n    # print error to STDERR\n    echo \"error: The sandbox is not in sync with the Podfile.lock. Run 'pod install' or update your CocoaPods installation.\" >&2\n    exit 1\nfi\n# This output is used by Xcode 'outputs' to avoid re-running this script phase.\necho \"SUCCESS\" > \"${SCRIPT_OUTPUT_FILE_0}\"\n";
			showEnvVarsInLog = 0;
		};
/* End PBXShellScriptBuildPhase section */

/* Begin PBXSourcesBuildPhase section */
		6E0257E52ACC2AA7000EA6D9 /* Sources */ = {
			isa = PBXSourcesBuildPhase;
			buildActionMask = 2147483647;
			files = (
				6E5EA31C2B2AF59F005AEC8F /* CustomHeaderView.swift in Sources */,
				6E29DDFE2B30979700CEF06F /* UserProfileView.swift in Sources */,
				6E5373412AF4DF73007ECCB6 /* Errors.swift in Sources */,
				6E590B3F2ADD772D00010257 /* ContactCell.swift in Sources */,
				6E9CBBEB2ACD716700B2629D /* ContactData.swift in Sources */,
				6E0257F12ACC2AA7000EA6D9 /* ContactListViewController.swift in Sources */,
				6E29DE022B30A20E00CEF06F /* UserPhoneNumberView.swift in Sources */,
				6E29DDFC2B30975E00CEF06F /* UserProfileViewController.swift in Sources */,
				6E98D7B42AD6DAD500F36017 /* HorizontalMenuCollectionView.swift in Sources */,
				6ED2F12A2AE8121B00C275C4 /* APIManager.swift in Sources */,
				6E98D7B82AD6EBE300F36017 /* CustomSearchBar.swift in Sources */,
				6E3AFBFE2AD4037E004A5CAA /* DepartmentCell.swift in Sources */,
				6E0257ED2ACC2AA7000EA6D9 /* AppDelegate.swift in Sources */,
				6E6DB4152B18CB2300511EF5 /* ErrorSearchView.swift in Sources */,
				6EF901AA2B358E4600149356 /* ImageLoader.swift in Sources */,
				6E0065F62AFB99F900803BD7 /* ErrorLoadView.swift in Sources */,
				6E590B3C2ADD71D100010257 /* VerticalContactTableView.swift in Sources */,
				6E94F3BF2B262B4A00353D8B /* RadioButtonView.swift in Sources */,
				6E0257EF2ACC2AA7000EA6D9 /* SceneDelegate.swift in Sources */,
				6E29DE002B30A1C900CEF06F /* UserDateOfBirthView.swift in Sources */,
				6ED2F12E2AEA5FE300C275C4 /* SortingViewController.swift in Sources */,
				6EF901AD2B35D2FD00149356 /* DateFormat.swift in Sources */,
			);
			runOnlyForDeploymentPostprocessing = 0;
		};
/* End PBXSourcesBuildPhase section */

/* Begin PBXVariantGroup section */
		6E0257F72ACC2AA8000EA6D9 /* LaunchScreen.storyboard */ = {
			isa = PBXVariantGroup;
			children = (
				6E0257F82ACC2AA8000EA6D9 /* Base */,
			);
			name = LaunchScreen.storyboard;
			sourceTree = "<group>";
		};
/* End PBXVariantGroup section */

/* Begin XCBuildConfiguration section */
		6E0257FB2ACC2AA8000EA6D9 /* Debug */ = {
			isa = XCBuildConfiguration;
			buildSettings = {
				ALWAYS_SEARCH_USER_PATHS = NO;
				CLANG_ANALYZER_NONNULL = YES;
				CLANG_ANALYZER_NUMBER_OBJECT_CONVERSION = YES_AGGRESSIVE;
				CLANG_CXX_LANGUAGE_STANDARD = "gnu++20";
				CLANG_ENABLE_MODULES = YES;
				CLANG_ENABLE_OBJC_ARC = YES;
				CLANG_ENABLE_OBJC_WEAK = YES;
				CLANG_WARN_BLOCK_CAPTURE_AUTORELEASING = YES;
				CLANG_WARN_BOOL_CONVERSION = YES;
				CLANG_WARN_COMMA = YES;
				CLANG_WARN_CONSTANT_CONVERSION = YES;
				CLANG_WARN_DEPRECATED_OBJC_IMPLEMENTATIONS = YES;
				CLANG_WARN_DIRECT_OBJC_ISA_USAGE = YES_ERROR;
				CLANG_WARN_DOCUMENTATION_COMMENTS = YES;
				CLANG_WARN_EMPTY_BODY = YES;
				CLANG_WARN_ENUM_CONVERSION = YES;
				CLANG_WARN_INFINITE_RECURSION = YES;
				CLANG_WARN_INT_CONVERSION = YES;
				CLANG_WARN_NON_LITERAL_NULL_CONVERSION = YES;
				CLANG_WARN_OBJC_IMPLICIT_RETAIN_SELF = YES;
				CLANG_WARN_OBJC_LITERAL_CONVERSION = YES;
				CLANG_WARN_OBJC_ROOT_CLASS = YES_ERROR;
				CLANG_WARN_QUOTED_INCLUDE_IN_FRAMEWORK_HEADER = YES;
				CLANG_WARN_RANGE_LOOP_ANALYSIS = YES;
				CLANG_WARN_STRICT_PROTOTYPES = YES;
				CLANG_WARN_SUSPICIOUS_MOVE = YES;
				CLANG_WARN_UNGUARDED_AVAILABILITY = YES_AGGRESSIVE;
				CLANG_WARN_UNREACHABLE_CODE = YES;
				CLANG_WARN__DUPLICATE_METHOD_MATCH = YES;
				COPY_PHASE_STRIP = NO;
				DEBUG_INFORMATION_FORMAT = dwarf;
				ENABLE_STRICT_OBJC_MSGSEND = YES;
				ENABLE_TESTABILITY = YES;
				GCC_C_LANGUAGE_STANDARD = gnu11;
				GCC_DYNAMIC_NO_PIC = NO;
				GCC_NO_COMMON_BLOCKS = YES;
				GCC_OPTIMIZATION_LEVEL = 0;
				GCC_PREPROCESSOR_DEFINITIONS = (
					"DEBUG=1",
					"$(inherited)",
				);
				GCC_WARN_64_TO_32_BIT_CONVERSION = YES;
				GCC_WARN_ABOUT_RETURN_TYPE = YES_ERROR;
				GCC_WARN_UNDECLARED_SELECTOR = YES;
				GCC_WARN_UNINITIALIZED_AUTOS = YES_AGGRESSIVE;
				GCC_WARN_UNUSED_FUNCTION = YES;
				GCC_WARN_UNUSED_VARIABLE = YES;
				IPHONEOS_DEPLOYMENT_TARGET = 16.4;
				MTL_ENABLE_DEBUG_INFO = INCLUDE_SOURCE;
				MTL_FAST_MATH = YES;
				ONLY_ACTIVE_ARCH = YES;
				SDKROOT = iphoneos;
				SWIFT_ACTIVE_COMPILATION_CONDITIONS = DEBUG;
				SWIFT_OPTIMIZATION_LEVEL = "-Onone";
			};
			name = Debug;
		};
		6E0257FC2ACC2AA8000EA6D9 /* Release */ = {
			isa = XCBuildConfiguration;
			buildSettings = {
				ALWAYS_SEARCH_USER_PATHS = NO;
				CLANG_ANALYZER_NONNULL = YES;
				CLANG_ANALYZER_NUMBER_OBJECT_CONVERSION = YES_AGGRESSIVE;
				CLANG_CXX_LANGUAGE_STANDARD = "gnu++20";
				CLANG_ENABLE_MODULES = YES;
				CLANG_ENABLE_OBJC_ARC = YES;
				CLANG_ENABLE_OBJC_WEAK = YES;
				CLANG_WARN_BLOCK_CAPTURE_AUTORELEASING = YES;
				CLANG_WARN_BOOL_CONVERSION = YES;
				CLANG_WARN_COMMA = YES;
				CLANG_WARN_CONSTANT_CONVERSION = YES;
				CLANG_WARN_DEPRECATED_OBJC_IMPLEMENTATIONS = YES;
				CLANG_WARN_DIRECT_OBJC_ISA_USAGE = YES_ERROR;
				CLANG_WARN_DOCUMENTATION_COMMENTS = YES;
				CLANG_WARN_EMPTY_BODY = YES;
				CLANG_WARN_ENUM_CONVERSION = YES;
				CLANG_WARN_INFINITE_RECURSION = YES;
				CLANG_WARN_INT_CONVERSION = YES;
				CLANG_WARN_NON_LITERAL_NULL_CONVERSION = YES;
				CLANG_WARN_OBJC_IMPLICIT_RETAIN_SELF = YES;
				CLANG_WARN_OBJC_LITERAL_CONVERSION = YES;
				CLANG_WARN_OBJC_ROOT_CLASS = YES_ERROR;
				CLANG_WARN_QUOTED_INCLUDE_IN_FRAMEWORK_HEADER = YES;
				CLANG_WARN_RANGE_LOOP_ANALYSIS = YES;
				CLANG_WARN_STRICT_PROTOTYPES = YES;
				CLANG_WARN_SUSPICIOUS_MOVE = YES;
				CLANG_WARN_UNGUARDED_AVAILABILITY = YES_AGGRESSIVE;
				CLANG_WARN_UNREACHABLE_CODE = YES;
				CLANG_WARN__DUPLICATE_METHOD_MATCH = YES;
				COPY_PHASE_STRIP = NO;
				DEBUG_INFORMATION_FORMAT = "dwarf-with-dsym";
				ENABLE_NS_ASSERTIONS = NO;
				ENABLE_STRICT_OBJC_MSGSEND = YES;
				GCC_C_LANGUAGE_STANDARD = gnu11;
				GCC_NO_COMMON_BLOCKS = YES;
				GCC_WARN_64_TO_32_BIT_CONVERSION = YES;
				GCC_WARN_ABOUT_RETURN_TYPE = YES_ERROR;
				GCC_WARN_UNDECLARED_SELECTOR = YES;
				GCC_WARN_UNINITIALIZED_AUTOS = YES_AGGRESSIVE;
				GCC_WARN_UNUSED_FUNCTION = YES;
				GCC_WARN_UNUSED_VARIABLE = YES;
				IPHONEOS_DEPLOYMENT_TARGET = 16.4;
				MTL_ENABLE_DEBUG_INFO = NO;
				MTL_FAST_MATH = YES;
				SDKROOT = iphoneos;
				SWIFT_COMPILATION_MODE = wholemodule;
				SWIFT_OPTIMIZATION_LEVEL = "-O";
				VALIDATE_PRODUCT = YES;
			};
			name = Release;
		};
		6E0257FE2ACC2AA8000EA6D9 /* Debug */ = {
			isa = XCBuildConfiguration;
			baseConfigurationReference = E242DD9F77C093638CF3BCDF /* Pods-ContactList.debug.xcconfig */;
			buildSettings = {
				ASSETCATALOG_COMPILER_APPICON_NAME = AppIcon;
				ASSETCATALOG_COMPILER_GLOBAL_ACCENT_COLOR_NAME = AccentColor;
				CODE_SIGN_STYLE = Automatic;
				CURRENT_PROJECT_VERSION = 1;
				DEVELOPMENT_TEAM = 3324CJVR4C;
				GENERATE_INFOPLIST_FILE = YES;
				INFOPLIST_FILE = ContactList/Info.plist;
				INFOPLIST_KEY_UIApplicationSupportsIndirectInputEvents = YES;
				INFOPLIST_KEY_UILaunchStoryboardName = LaunchScreen;
				INFOPLIST_KEY_UISupportedInterfaceOrientations_iPad = "UIInterfaceOrientationPortrait UIInterfaceOrientationPortraitUpsideDown UIInterfaceOrientationLandscapeLeft UIInterfaceOrientationLandscapeRight";
				INFOPLIST_KEY_UISupportedInterfaceOrientations_iPhone = "UIInterfaceOrientationPortrait UIInterfaceOrientationLandscapeLeft UIInterfaceOrientationLandscapeRight";
				IPHONEOS_DEPLOYMENT_TARGET = 16.4;
				LD_RUNPATH_SEARCH_PATHS = (
					"$(inherited)",
					"@executable_path/Frameworks",
				);
				MARKETING_VERSION = 1.0;
				PRODUCT_BUNDLE_IDENTIFIER = "com.esayan-well.ContactList";
				PRODUCT_NAME = "$(TARGET_NAME)";
				SUPPORTED_PLATFORMS = "iphoneos iphonesimulator";
				SUPPORTS_MACCATALYST = NO;
				SUPPORTS_MAC_DESIGNED_FOR_IPHONE_IPAD = NO;
				SWIFT_EMIT_LOC_STRINGS = YES;
				SWIFT_VERSION = 5.0;
				TARGETED_DEVICE_FAMILY = 1;
			};
			name = Debug;
		};
		6E0257FF2ACC2AA8000EA6D9 /* Release */ = {
			isa = XCBuildConfiguration;
			baseConfigurationReference = 157DA686439774663A24B0BA /* Pods-ContactList.release.xcconfig */;
			buildSettings = {
				ASSETCATALOG_COMPILER_APPICON_NAME = AppIcon;
				ASSETCATALOG_COMPILER_GLOBAL_ACCENT_COLOR_NAME = AccentColor;
				CODE_SIGN_STYLE = Automatic;
				CURRENT_PROJECT_VERSION = 1;
				DEVELOPMENT_TEAM = 3324CJVR4C;
				GENERATE_INFOPLIST_FILE = YES;
				INFOPLIST_FILE = ContactList/Info.plist;
				INFOPLIST_KEY_UIApplicationSupportsIndirectInputEvents = YES;
				INFOPLIST_KEY_UILaunchStoryboardName = LaunchScreen;
				INFOPLIST_KEY_UISupportedInterfaceOrientations_iPad = "UIInterfaceOrientationPortrait UIInterfaceOrientationPortraitUpsideDown UIInterfaceOrientationLandscapeLeft UIInterfaceOrientationLandscapeRight";
				INFOPLIST_KEY_UISupportedInterfaceOrientations_iPhone = "UIInterfaceOrientationPortrait UIInterfaceOrientationLandscapeLeft UIInterfaceOrientationLandscapeRight";
				IPHONEOS_DEPLOYMENT_TARGET = 16.4;
				LD_RUNPATH_SEARCH_PATHS = (
					"$(inherited)",
					"@executable_path/Frameworks",
				);
				MARKETING_VERSION = 1.0;
				PRODUCT_BUNDLE_IDENTIFIER = "com.esayan-well.ContactList";
				PRODUCT_NAME = "$(TARGET_NAME)";
				SUPPORTED_PLATFORMS = "iphoneos iphonesimulator";
				SUPPORTS_MACCATALYST = NO;
				SUPPORTS_MAC_DESIGNED_FOR_IPHONE_IPAD = NO;
				SWIFT_EMIT_LOC_STRINGS = YES;
				SWIFT_VERSION = 5.0;
				TARGETED_DEVICE_FAMILY = 1;
			};
			name = Release;
		};
/* End XCBuildConfiguration section */

/* Begin XCConfigurationList section */
		6E0257E42ACC2AA7000EA6D9 /* Build configuration list for PBXProject "ContactList" */ = {
			isa = XCConfigurationList;
			buildConfigurations = (
				6E0257FB2ACC2AA8000EA6D9 /* Debug */,
				6E0257FC2ACC2AA8000EA6D9 /* Release */,
			);
			defaultConfigurationIsVisible = 0;
			defaultConfigurationName = Release;
		};
		6E0257FD2ACC2AA8000EA6D9 /* Build configuration list for PBXNativeTarget "ContactList" */ = {
			isa = XCConfigurationList;
			buildConfigurations = (
				6E0257FE2ACC2AA8000EA6D9 /* Debug */,
				6E0257FF2ACC2AA8000EA6D9 /* Release */,
			);
			defaultConfigurationIsVisible = 0;
			defaultConfigurationName = Release;
		};
/* End XCConfigurationList section */
	};
	rootObject = 6E0257E12ACC2AA7000EA6D9 /* Project object */;
}
